
Microsoft Visual Studio Solution File, Format Version 12.00
# Visual Studio Version 16
VisualStudioVersion = 16.0.31025.194
MinimumVisualStudioVersion = 10.0.40219.1
Project("{888888A0-9F3D-457C-B088-3A5042F75D52}") = "3_if_else", "3_if_else.pyproj", "{D6EC592D-A9A6-44F2-A93E-A12E61294FC3}"
EndProject
Global
	GlobalSection(SolutionConfigurationPlatforms) = preSolution
		Debug|Any CPU = Debug|Any CPU
		Release|Any CPU = Release|Any CPU
	EndGlobalSection
	GlobalSection(ProjectConfigurationPlatforms) = postSolution
		{D6EC592D-A9A6-44F2-A93E-A12E61294FC3}.Debug|Any CPU.ActiveCfg = Debug|Any CPU
		{D6EC592D-A9A6-44F2-A93E-A12E61294FC3}.Release|Any CPU.ActiveCfg = Release|Any CPU
	EndGlobalSection
	GlobalSection(SolutionProperties) = preSolution
		HideSolutionNode = FALSE
	EndGlobalSection
	GlobalSection(ExtensibilityGlobals) = postSolution
		SolutionGuid = {A08D1E95-59CE-4E51-8575-ACA07244CD2F}
	EndGlobalSection
EndGlobal
