
Microsoft Visual Studio Solution File, Format Version 12.00
# Visual Studio Version 16
VisualStudioVersion = 16.0.31729.503
MinimumVisualStudioVersion = 10.0.40219.1
Project("{888888A0-9F3D-457C-B088-3A5042F75D52}") = "1_arange_and_basic_math", "1_arange_and_basic_math\1_arange_and_basic_math.pyproj", "{9E318A80-DBDC-4E63-A99F-E54F35CF79C8}"
EndProject
Global
	GlobalSection(SolutionConfigurationPlatforms) = preSolution
		Debug|Any CPU = Debug|Any CPU
		Release|Any CPU = Release|Any CPU
	EndGlobalSection
	GlobalSection(ProjectConfigurationPlatforms) = postSolution
		{9E318A80-DBDC-4E63-A99F-E54F35CF79C8}.Debug|Any CPU.ActiveCfg = Debug|Any CPU
		{9E318A80-DBDC-4E63-A99F-E54F35CF79C8}.Release|Any CPU.ActiveCfg = Release|Any CPU
	EndGlobalSection
	GlobalSection(SolutionProperties) = preSolution
		HideSolutionNode = FALSE
	EndGlobalSection
	GlobalSection(ExtensibilityGlobals) = postSolution
		SolutionGuid = {031A241B-DDCD-4BE2-B08F-ABE13E19319C}
	EndGlobalSection
EndGlobal
