
Microsoft Visual Studio Solution File, Format Version 12.00
# Visual Studio Version 16
VisualStudioVersion = 16.0.31025.194
MinimumVisualStudioVersion = 10.0.40219.1
Project("{8BC9CEB8-8B4A-11D0-8D11-00A0C91BC942}") = "10868_vs", "10868_vs.vcxproj", "{CAEA8616-E823-4E40-A7BA-74FF6CAF793D}"
EndProject
Global
	GlobalSection(SolutionConfigurationPlatforms) = preSolution
		Debug|x64 = Debug|x64
		Debug|x86 = Debug|x86
		Release|x64 = Release|x64
		Release|x86 = Release|x86
	EndGlobalSection
	GlobalSection(ProjectConfigurationPlatforms) = postSolution
		{CAEA8616-E823-4E40-A7BA-74FF6CAF793D}.Debug|x64.ActiveCfg = Debug|x64
		{CAEA8616-E823-4E40-A7BA-74FF6CAF793D}.Debug|x64.Build.0 = Debug|x64
		{CAEA8616-E823-4E40-A7BA-74FF6CAF793D}.Debug|x86.ActiveCfg = Debug|Win32
		{CAEA8616-E823-4E40-A7BA-74FF6CAF793D}.Debug|x86.Build.0 = Debug|Win32
		{CAEA8616-E823-4E40-A7BA-74FF6CAF793D}.Release|x64.ActiveCfg = Release|x64
		{CAEA8616-E823-4E40-A7BA-74FF6CAF793D}.Release|x64.Build.0 = Release|x64
		{CAEA8616-E823-4E40-A7BA-74FF6CAF793D}.Release|x86.ActiveCfg = Release|Win32
		{CAEA8616-E823-4E40-A7BA-74FF6CAF793D}.Release|x86.Build.0 = Release|Win32
	EndGlobalSection
	GlobalSection(SolutionProperties) = preSolution
		HideSolutionNode = FALSE
	EndGlobalSection
	GlobalSection(ExtensibilityGlobals) = postSolution
		SolutionGuid = {99ED40BD-1504-44D4-8D13-E66A3A0DB476}
	EndGlobalSection
EndGlobal
