
Microsoft Visual Studio Solution File, Format Version 12.00
# Visual Studio Version 16
VisualStudioVersion = 16.0.31025.194
MinimumVisualStudioVersion = 10.0.40219.1
Project("{888888A0-9F3D-457C-B088-3A5042F75D52}") = "2_type", "2_type.pyproj", "{714B48FB-8FA8-4B77-B278-7C3360712470}"
EndProject
Global
	GlobalSection(SolutionConfigurationPlatforms) = preSolution
		Debug|Any CPU = Debug|Any CPU
		Release|Any CPU = Release|Any CPU
	EndGlobalSection
	GlobalSection(ProjectConfigurationPlatforms) = postSolution
		{714B48FB-8FA8-4B77-B278-7C3360712470}.Debug|Any CPU.ActiveCfg = Debug|Any CPU
		{714B48FB-8FA8-4B77-B278-7C3360712470}.Release|Any CPU.ActiveCfg = Release|Any CPU
	EndGlobalSection
	GlobalSection(SolutionProperties) = preSolution
		HideSolutionNode = FALSE
	EndGlobalSection
	GlobalSection(ExtensibilityGlobals) = postSolution
		SolutionGuid = {6CD40390-A171-4F77-94B1-715709B52F0D}
	EndGlobalSection
EndGlobal
